{
  "version": "4",
  "specifiers": {
    "jsr:@std/assert@1": "1.0.6",
    "jsr:@std/internal@^1.0.4": "1.0.4",
    "npm:@adobe/leonardo-contrast-colors@1.0.0": "1.0.0",
    "npm:tailwindcss@*": "4.0.7"
  },
  "jsr": {
    "@std/assert@1.0.6": {
      "integrity": "1904c05806a25d94fe791d6d883b685c9e2dcd60e4f9fc30f4fc5cf010c72207",
      "dependencies": [
        "jsr:@std/internal"
      ]
    },
    "@std/internal@1.0.4": {
      "integrity": "62e8e4911527e5e4f307741a795c0b0a9e6958d0b3790716ae71ce085f755422"
    }
  },
  "npm": {
    "@adobe/leonardo-contrast-colors@1.0.0": {
      "integrity": "sha512-a4mD0JZ1zNu2wIem/vWJqdaiuQZgxwOph/gpHA75mlXcs6iiIQx9G+W0jtssRFgdYYAi/ceQYOlYwiSQj1AUCw==",
      "dependencies": [
        "apca-w3",
        "chroma-js",
        "ciebase",
        "ciecam02",
        "hsluv"
      ]
    },
    "apca-w3@0.1.9": {
      "integrity": "sha512-Zrf6AeBeQjNe/fxK7U1jCo5zfdjDl6T4/kdw5Xlky3G7u+EJTZkyItjMYQGtwf9pkftsINxcYyOpuLkzKf1ITQ==",
      "dependencies": [
        "colorparsley"
      ]
    },
    "chroma-js@2.6.0": {
      "integrity": "sha512-BLHvCB9s8Z1EV4ethr6xnkl/P2YRFOGqfgvuMG/MyCbZPrTA+NeiByY6XvgF0zP4/2deU2CXnWyMa3zu1LqQ3A=="
    },
    "ciebase@0.1.1": {
      "integrity": "sha512-KEnf/WVT5E+Gn+LsfMHGJFATltSOeW0qm7dpzQYL/Qe5PEpyTM+UI5bMoBo16FE81zMpu+U6032USTP6Cz1XNA==",
      "dependencies": [
        "mout"
      ]
    },
    "ciecam02@0.4.6": {
      "integrity": "sha512-nh/Kl8s5lgtyEl7lA381JFinLhgUwDhJaAVgbVx2BaiiJIzJLumQvuFXwdS76tSch7jDjWejP+MtKYCCEk/brg==",
      "dependencies": [
        "ciebase",
        "mout"
      ]
    },
    "colorparsley@0.1.8": {
      "integrity": "sha512-rObESTTTE6G5qO5WFwFxWPggpw4KfpxnLC6Ssl8bITBnNVRhDsyCeTRAUxWQNVTx2pRknKlO2nddYTxjkdNFaw=="
    },
    "hsluv@0.1.0": {
      "integrity": "sha512-ERcanKLAszD2XN3Vh5r5Szkrv9q0oSTudmP0rkiKAGM/3NMc9FLmMZBB7TSqTaXJfSDBOreYTfjezCOYbRKqlw=="
    },
    "mout@0.11.1": {
      "integrity": "sha512-pK9VNiLE3QgGBrC/3ICAscwOLU7oTNeK2l32uqNAioBYtB2tQAfSsGDNChUlk7CP23126mc5lUt6+na9FlN8JA=="
    },
    "tailwindcss@4.0.7": {
      "integrity": "sha512-yH5bPPyapavo7L+547h3c4jcBXcrKwybQRjwdEIVAd9iXRvy/3T1CC6XSQEgZtRySjKfqvo3Cc0ZF1DTheuIdA=="
    }
  },
  "workspace": {
    "dependencies": [
      "jsr:@std/assert@1"
    ]
  }
}
